// !$*UTF8*$!
{
	archiveVersion = 1;
	classes = {
	};
	objectVersion = 51;
	objects = {

/* Begin PBXBuildFile section */
		0218413822C7B16D007E5336 /* PokemonTypeCheckerScenarioButton.swift in Sources */ = {isa = PBXBuildFile; fileRef = 0218413722C7B16D007E5336 /* PokemonTypeCheckerScenarioButton.swift */; };
		0218413B22C7C015007E5336 /* PokemonTypeEfficacyCollectionViewCell.swift in Sources */ = {isa = PBXBuildFile; fileRef = 0218413A22C7C015007E5336 /* PokemonTypeEfficacyCollectionViewCell.swift */; };
		0218413D22C7C064007E5336 /* PokemonTypeEfficacyCollectionReusableView.swift in Sources */ = {isa = PBXBuildFile; fileRef = 0218413C22C7C064007E5336 /* PokemonTypeEfficacyCollectionReusableView.swift */; };
		02235C0122CD1FCB00F80AC6 /* PokemonTypeCheckerEfficacyCategoryViewModel.swift in Sources */ = {isa = PBXBuildFile; fileRef = 02235C0022CD1FCB00F80AC6 /* PokemonTypeCheckerEfficacyCategoryViewModel.swift */; };
		02235C0522D26F5100F80AC6 /* LocalizationData.swift in Sources */ = {isa = PBXBuildFile; fileRef = 02235C0422D26F5100F80AC6 /* LocalizationData.swift */; };
		02235C0722D2710B00F80AC6 /* DatabaseWrapper.swift in Sources */ = {isa = PBXBuildFile; fileRef = 02235C0622D2710B00F80AC6 /* DatabaseWrapper.swift */; };
		02235C0922D271E500F80AC6 /* Language.swift in Sources */ = {isa = PBXBuildFile; fileRef = 02235C0822D271E500F80AC6 /* Language.swift */; };
		02235C0B22D272C300F80AC6 /* PokemonLocalization.swift in Sources */ = {isa = PBXBuildFile; fileRef = 02235C0A22D272C300F80AC6 /* PokemonLocalization.swift */; };
		02235C0E22D275B400F80AC6 /* LocalizationUtils.swift in Sources */ = {isa = PBXBuildFile; fileRef = 02235C0D22D275B400F80AC6 /* LocalizationUtils.swift */; };
		025503BF22C6A2FB003D2149 /* UIColor+Custom.swift in Sources */ = {isa = PBXBuildFile; fileRef = 025503BE22C6A2FB003D2149 /* UIColor+Custom.swift */; };
		025503C122C6A374003D2149 /* PokemonTypeSelectionButton.swift in Sources */ = {isa = PBXBuildFile; fileRef = 025503C022C6A374003D2149 /* PokemonTypeSelectionButton.swift */; };
		025503C322C6A44E003D2149 /* Collection+SafeSubscript.swift in Sources */ = {isa = PBXBuildFile; fileRef = 025503C222C6A44E003D2149 /* Collection+SafeSubscript.swift */; };
		028CD83322C152DA005CDB3E /* PkmnUITests.swift in Sources */ = {isa = PBXBuildFile; fileRef = 028CD83222C152DA005CDB3E /* PkmnUITests.swift */; };
		028CD84B22C15363005CDB3E /* Assets.xcassets in Resources */ = {isa = PBXBuildFile; fileRef = 028CD84122C15362005CDB3E /* Assets.xcassets */; };
		028CD84C22C15363005CDB3E /* LaunchScreen.storyboard in Resources */ = {isa = PBXBuildFile; fileRef = 028CD84222C15362005CDB3E /* LaunchScreen.storyboard */; };
		028CD85022C15363005CDB3E /* AppDelegate.swift in Sources */ = {isa = PBXBuildFile; fileRef = 028CD84A22C15363005CDB3E /* AppDelegate.swift */; };
		028CD85222C1556B005CDB3E /* README.md in Resources */ = {isa = PBXBuildFile; fileRef = 028CD85122C1556B005CDB3E /* README.md */; };
		028CD85422C157AD005CDB3E /* db.sqlite3 in Resources */ = {isa = PBXBuildFile; fileRef = 028CD85322C157AD005CDB3E /* db.sqlite3 */; };
		028CD85722C15A22005CDB3E /* Database.swift in Sources */ = {isa = PBXBuildFile; fileRef = 028CD85622C15A22005CDB3E /* Database.swift */; };
		028CD85922C15E28005CDB3E /* DatabaseTests.swift in Sources */ = {isa = PBXBuildFile; fileRef = 028CD85822C15E28005CDB3E /* DatabaseTests.swift */; };
		028CD85D22C2ADF5005CDB3E /* PokemonType.swift in Sources */ = {isa = PBXBuildFile; fileRef = 028CD85C22C2ADF5005CDB3E /* PokemonType.swift */; };
		028CD86122C2B844005CDB3E /* DataProvider.swift in Sources */ = {isa = PBXBuildFile; fileRef = 028CD86022C2B844005CDB3E /* DataProvider.swift */; };
		028CD86322C40824005CDB3E /* PokemonTypeEfficacyCheckerViewController.swift in Sources */ = {isa = PBXBuildFile; fileRef = 028CD86222C40824005CDB3E /* PokemonTypeEfficacyCheckerViewController.swift */; };
		028CD86822C409DE005CDB3E /* PokemonTypeCheckerViewModel.swift in Sources */ = {isa = PBXBuildFile; fileRef = 028CD86722C409DE005CDB3E /* PokemonTypeCheckerViewModel.swift */; };
		028CD87122C41406005CDB3E /* PokemonTypeEfficacyCheckerViewController.storyboard in Resources */ = {isa = PBXBuildFile; fileRef = 028CD87022C41406005CDB3E /* PokemonTypeEfficacyCheckerViewController.storyboard */; };
		028CD87422C41D6B005CDB3E /* UIView+Autolayout.swift in Sources */ = {isa = PBXBuildFile; fileRef = 028CD87322C41D6B005CDB3E /* UIView+Autolayout.swift */; };
		29425C212D9BA3BBAF2FB236 /* Pods_All_Pkmn.framework in Frameworks */ = {isa = PBXBuildFile; fileRef = DE4607EB0544580219E37D1C /* Pods_All_Pkmn.framework */; };
/* End PBXBuildFile section */

/* Begin PBXContainerItemProxy section */
		028CD82422C152DA005CDB3E /* PBXContainerItemProxy */ = {
			isa = PBXContainerItemProxy;
			containerPortal = 028CD80722C152D7005CDB3E /* Project object */;
			proxyType = 1;
			remoteGlobalIDString = 028CD80E22C152D7005CDB3E;
			remoteInfo = Pkmn;
		};
		028CD82F22C152DA005CDB3E /* PBXContainerItemProxy */ = {
			isa = PBXContainerItemProxy;
			containerPortal = 028CD80722C152D7005CDB3E /* Project object */;
			proxyType = 1;
			remoteGlobalIDString = 028CD80E22C152D7005CDB3E;
			remoteInfo = Pkmn;
		};
/* End PBXContainerItemProxy section */

/* Begin PBXFileReference section */
		0218413722C7B16D007E5336 /* PokemonTypeCheckerScenarioButton.swift */ = {isa = PBXFileReference; fileEncoding = 4; lastKnownFileType = sourcecode.swift; path = PokemonTypeCheckerScenarioButton.swift; sourceTree = "<group>"; };
		0218413A22C7C015007E5336 /* PokemonTypeEfficacyCollectionViewCell.swift */ = {isa = PBXFileReference; lastKnownFileType = sourcecode.swift; path = PokemonTypeEfficacyCollectionViewCell.swift; sourceTree = "<group>"; };
		0218413C22C7C064007E5336 /* PokemonTypeEfficacyCollectionReusableView.swift */ = {isa = PBXFileReference; lastKnownFileType = sourcecode.swift; path = PokemonTypeEfficacyCollectionReusableView.swift; sourceTree = "<group>"; };
		02235C0022CD1FCB00F80AC6 /* PokemonTypeCheckerEfficacyCategoryViewModel.swift */ = {isa = PBXFileReference; lastKnownFileType = sourcecode.swift; path = PokemonTypeCheckerEfficacyCategoryViewModel.swift; sourceTree = "<group>"; };
		02235C0422D26F5100F80AC6 /* LocalizationData.swift */ = {isa = PBXFileReference; fileEncoding = 4; lastKnownFileType = sourcecode.swift; path = LocalizationData.swift; sourceTree = "<group>"; };
		02235C0622D2710B00F80AC6 /* DatabaseWrapper.swift */ = {isa = PBXFileReference; lastKnownFileType = sourcecode.swift; path = DatabaseWrapper.swift; sourceTree = "<group>"; };
		02235C0822D271E500F80AC6 /* Language.swift */ = {isa = PBXFileReference; lastKnownFileType = sourcecode.swift; path = Language.swift; sourceTree = "<group>"; };
		02235C0A22D272C300F80AC6 /* PokemonLocalization.swift */ = {isa = PBXFileReference; lastKnownFileType = sourcecode.swift; path = PokemonLocalization.swift; sourceTree = "<group>"; };
		02235C0D22D275B400F80AC6 /* LocalizationUtils.swift */ = {isa = PBXFileReference; lastKnownFileType = sourcecode.swift; path = LocalizationUtils.swift; sourceTree = "<group>"; };
		025503BE22C6A2FB003D2149 /* UIColor+Custom.swift */ = {isa = PBXFileReference; lastKnownFileType = sourcecode.swift; path = "UIColor+Custom.swift"; sourceTree = "<group>"; };
		025503C022C6A374003D2149 /* PokemonTypeSelectionButton.swift */ = {isa = PBXFileReference; lastKnownFileType = sourcecode.swift; path = PokemonTypeSelectionButton.swift; sourceTree = "<group>"; };
		025503C222C6A44E003D2149 /* Collection+SafeSubscript.swift */ = {isa = PBXFileReference; lastKnownFileType = sourcecode.swift; path = "Collection+SafeSubscript.swift"; sourceTree = "<group>"; };
		028CD80F22C152D7005CDB3E /* Pkmn.app */ = {isa = PBXFileReference; explicitFileType = wrapper.application; includeInIndex = 0; path = Pkmn.app; sourceTree = BUILT_PRODUCTS_DIR; };
		028CD82322C152DA005CDB3E /* PkmnTests.xctest */ = {isa = PBXFileReference; explicitFileType = wrapper.cfbundle; includeInIndex = 0; path = PkmnTests.xctest; sourceTree = BUILT_PRODUCTS_DIR; };
		028CD82922C152DA005CDB3E /* Info.plist */ = {isa = PBXFileReference; lastKnownFileType = text.plist.xml; path = Info.plist; sourceTree = "<group>"; };
		028CD82E22C152DA005CDB3E /* PkmnUITests.xctest */ = {isa = PBXFileReference; explicitFileType = wrapper.cfbundle; includeInIndex = 0; path = PkmnUITests.xctest; sourceTree = BUILT_PRODUCTS_DIR; };
		028CD83222C152DA005CDB3E /* PkmnUITests.swift */ = {isa = PBXFileReference; lastKnownFileType = sourcecode.swift; path = PkmnUITests.swift; sourceTree = "<group>"; };
		028CD83422C152DA005CDB3E /* Info.plist */ = {isa = PBXFileReference; lastKnownFileType = text.plist.xml; path = Info.plist; sourceTree = "<group>"; };
		028CD84122C15362005CDB3E /* Assets.xcassets */ = {isa = PBXFileReference; lastKnownFileType = folder.assetcatalog; path = Assets.xcassets; sourceTree = "<group>"; };
		028CD84322C15362005CDB3E /* Base */ = {isa = PBXFileReference; lastKnownFileType = file.storyboard; name = Base; path = Base.lproj/LaunchScreen.storyboard; sourceTree = "<group>"; };
		028CD84722C15363005CDB3E /* Info.plist */ = {isa = PBXFileReference; fileEncoding = 4; lastKnownFileType = text.plist.xml; path = Info.plist; sourceTree = "<group>"; };
		028CD84A22C15363005CDB3E /* AppDelegate.swift */ = {isa = PBXFileReference; fileEncoding = 4; lastKnownFileType = sourcecode.swift; path = AppDelegate.swift; sourceTree = "<group>"; };
		028CD85122C1556B005CDB3E /* README.md */ = {isa = PBXFileReference; fileEncoding = 4; lastKnownFileType = net.daringfireball.markdown; path = README.md; sourceTree = "<group>"; };
		028CD85322C157AD005CDB3E /* db.sqlite3 */ = {isa = PBXFileReference; lastKnownFileType = file; name = db.sqlite3; path = "submodules/pokemon-database/db.sqlite3"; sourceTree = SOURCE_ROOT; };
		028CD85622C15A22005CDB3E /* Database.swift */ = {isa = PBXFileReference; lastKnownFileType = sourcecode.swift; path = Database.swift; sourceTree = "<group>"; };
		028CD85822C15E28005CDB3E /* DatabaseTests.swift */ = {isa = PBXFileReference; lastKnownFileType = sourcecode.swift; path = DatabaseTests.swift; sourceTree = "<group>"; };
		028CD85C22C2ADF5005CDB3E /* PokemonType.swift */ = {isa = PBXFileReference; lastKnownFileType = sourcecode.swift; path = PokemonType.swift; sourceTree = "<group>"; };
		028CD86022C2B844005CDB3E /* DataProvider.swift */ = {isa = PBXFileReference; lastKnownFileType = sourcecode.swift; path = DataProvider.swift; sourceTree = "<group>"; };
		028CD86222C40824005CDB3E /* PokemonTypeEfficacyCheckerViewController.swift */ = {isa = PBXFileReference; lastKnownFileType = sourcecode.swift; path = PokemonTypeEfficacyCheckerViewController.swift; sourceTree = "<group>"; };
		028CD86722C409DE005CDB3E /* PokemonTypeCheckerViewModel.swift */ = {isa = PBXFileReference; lastKnownFileType = sourcecode.swift; path = PokemonTypeCheckerViewModel.swift; sourceTree = "<group>"; };
		028CD87022C41406005CDB3E /* PokemonTypeEfficacyCheckerViewController.storyboard */ = {isa = PBXFileReference; lastKnownFileType = file.storyboard; path = PokemonTypeEfficacyCheckerViewController.storyboard; sourceTree = "<group>"; };
		028CD87322C41D6B005CDB3E /* UIView+Autolayout.swift */ = {isa = PBXFileReference; lastKnownFileType = sourcecode.swift; path = "UIView+Autolayout.swift"; sourceTree = "<group>"; };
		5BCF5818717F7E05F6710F16 /* Pods-All-Pkmn.release.xcconfig */ = {isa = PBXFileReference; includeInIndex = 1; lastKnownFileType = text.xcconfig; name = "Pods-All-Pkmn.release.xcconfig"; path = "Target Support Files/Pods-All-Pkmn/Pods-All-Pkmn.release.xcconfig"; sourceTree = "<group>"; };
		84A1C425226C6BC24597EB02 /* Pods-All-Pkmn.debug.xcconfig */ = {isa = PBXFileReference; includeInIndex = 1; lastKnownFileType = text.xcconfig; name = "Pods-All-Pkmn.debug.xcconfig"; path = "Target Support Files/Pods-All-Pkmn/Pods-All-Pkmn.debug.xcconfig"; sourceTree = "<group>"; };
		DE4607EB0544580219E37D1C /* Pods_All_Pkmn.framework */ = {isa = PBXFileReference; explicitFileType = wrapper.framework; includeInIndex = 0; path = Pods_All_Pkmn.framework; sourceTree = BUILT_PRODUCTS_DIR; };
/* End PBXFileReference section */

/* Begin PBXFrameworksBuildPhase section */
		028CD80C22C152D7005CDB3E /* Frameworks */ = {
			isa = PBXFrameworksBuildPhase;
			buildActionMask = 2147483647;
			files = (
				29425C212D9BA3BBAF2FB236 /* Pods_All_Pkmn.framework in Frameworks */,
			);
			runOnlyForDeploymentPostprocessing = 0;
		};
		028CD82022C152DA005CDB3E /* Frameworks */ = {
			isa = PBXFrameworksBuildPhase;
			buildActionMask = 2147483647;
			files = (
			);
			runOnlyForDeploymentPostprocessing = 0;
		};
		028CD82B22C152DA005CDB3E /* Frameworks */ = {
			isa = PBXFrameworksBuildPhase;
			buildActionMask = 2147483647;
			files = (
			);
			runOnlyForDeploymentPostprocessing = 0;
		};
/* End PBXFrameworksBuildPhase section */

/* Begin PBXGroup section */
		0218413922C7BFDE007E5336 /* Views */ = {
			isa = PBXGroup;
			children = (
				025503C022C6A374003D2149 /* PokemonTypeSelectionButton.swift */,
				0218413722C7B16D007E5336 /* PokemonTypeCheckerScenarioButton.swift */,
				0218413C22C7C064007E5336 /* PokemonTypeEfficacyCollectionReusableView.swift */,
				0218413A22C7C015007E5336 /* PokemonTypeEfficacyCollectionViewCell.swift */,
			);
			name = Views;
			sourceTree = "<group>";
		};
		02235C0C22D2759E00F80AC6 /* Localization */ = {
			isa = PBXGroup;
			children = (
				02235C0422D26F5100F80AC6 /* LocalizationData.swift */,
				02235C0A22D272C300F80AC6 /* PokemonLocalization.swift */,
				02235C0D22D275B400F80AC6 /* LocalizationUtils.swift */,
			);
			path = Localization;
			sourceTree = "<group>";
		};
		028CD80622C152D7005CDB3E = {
			isa = PBXGroup;
			children = (
				028CD81122C152D7005CDB3E /* Pkmn */,
				028CD82622C152DA005CDB3E /* PkmnTests */,
				028CD83122C152DA005CDB3E /* PkmnUITests */,
				028CD81022C152D7005CDB3E /* Products */,
				028CD85122C1556B005CDB3E /* README.md */,
				93B93A39A98D8DD91A78E60D /* Pods */,
				F176636550FC96AE87746CFC /* Frameworks */,
			);
			sourceTree = "<group>";
		};
		028CD81022C152D7005CDB3E /* Products */ = {
			isa = PBXGroup;
			children = (
				028CD80F22C152D7005CDB3E /* Pkmn.app */,
				028CD82322C152DA005CDB3E /* PkmnTests.xctest */,
				028CD82E22C152DA005CDB3E /* PkmnUITests.xctest */,
			);
			name = Products;
			sourceTree = "<group>";
		};
		028CD81122C152D7005CDB3E /* Pkmn */ = {
			isa = PBXGroup;
			children = (
				028CD84822C15363005CDB3E /* Sources */,
				028CD84022C15362005CDB3E /* Resources */,
				028CD84622C15363005CDB3E /* Supporting Files */,
			);
			path = Pkmn;
			sourceTree = "<group>";
		};
		028CD82622C152DA005CDB3E /* PkmnTests */ = {
			isa = PBXGroup;
			children = (
				028CD82922C152DA005CDB3E /* Info.plist */,
				028CD85822C15E28005CDB3E /* DatabaseTests.swift */,
			);
			path = PkmnTests;
			sourceTree = "<group>";
		};
		028CD83122C152DA005CDB3E /* PkmnUITests */ = {
			isa = PBXGroup;
			children = (
				028CD83222C152DA005CDB3E /* PkmnUITests.swift */,
				028CD83422C152DA005CDB3E /* Info.plist */,
			);
			path = PkmnUITests;
			sourceTree = "<group>";
		};
		028CD84022C15362005CDB3E /* Resources */ = {
			isa = PBXGroup;
			children = (
				028CD85322C157AD005CDB3E /* db.sqlite3 */,
				028CD84122C15362005CDB3E /* Assets.xcassets */,
				028CD84222C15362005CDB3E /* LaunchScreen.storyboard */,
			);
			path = Resources;
			sourceTree = "<group>";
		};
		028CD84622C15363005CDB3E /* Supporting Files */ = {
			isa = PBXGroup;
			children = (
				028CD84722C15363005CDB3E /* Info.plist */,
			);
			path = "Supporting Files";
			sourceTree = "<group>";
		};
		028CD84822C15363005CDB3E /* Sources */ = {
			isa = PBXGroup;
			children = (
				028CD84A22C15363005CDB3E /* AppDelegate.swift */,
				02235C0C22D2759E00F80AC6 /* Localization */,
				028CD87222C41D59005CDB3E /* Utils */,
				028CD85B22C2AD9A005CDB3E /* Model */,
				028CD85522C15A07005CDB3E /* Database */,
				028CD85A22C2AD45005CDB3E /* TypeChecker */,
			);
			path = Sources;
			sourceTree = "<group>";
		};
		028CD85522C15A07005CDB3E /* Database */ = {
			isa = PBXGroup;
			children = (
				02235C0622D2710B00F80AC6 /* DatabaseWrapper.swift */,
				028CD85622C15A22005CDB3E /* Database.swift */,
				028CD86022C2B844005CDB3E /* DataProvider.swift */,
			);
			path = Database;
			sourceTree = "<group>";
		};
		028CD85A22C2AD45005CDB3E /* TypeChecker */ = {
			isa = PBXGroup;
			children = (
				0218413922C7BFDE007E5336 /* Views */,
				028CD86222C40824005CDB3E /* PokemonTypeEfficacyCheckerViewController.swift */,
				028CD86722C409DE005CDB3E /* PokemonTypeCheckerViewModel.swift */,
				02235C0022CD1FCB00F80AC6 /* PokemonTypeCheckerEfficacyCategoryViewModel.swift */,
				028CD87022C41406005CDB3E /* PokemonTypeEfficacyCheckerViewController.storyboard */,
			);
			path = TypeChecker;
			sourceTree = "<group>";
		};
		028CD85B22C2AD9A005CDB3E /* Model */ = {
			isa = PBXGroup;
			children = (
				028CD85C22C2ADF5005CDB3E /* PokemonType.swift */,
				02235C0822D271E500F80AC6 /* Language.swift */,
			);
			path = Model;
			sourceTree = "<group>";
		};
		028CD87222C41D59005CDB3E /* Utils */ = {
			isa = PBXGroup;
			children = (
				028CD87322C41D6B005CDB3E /* UIView+Autolayout.swift */,
				025503BE22C6A2FB003D2149 /* UIColor+Custom.swift */,
				025503C222C6A44E003D2149 /* Collection+SafeSubscript.swift */,
			);
			path = Utils;
			sourceTree = "<group>";
		};
		93B93A39A98D8DD91A78E60D /* Pods */ = {
			isa = PBXGroup;
			children = (
				84A1C425226C6BC24597EB02 /* Pods-All-Pkmn.debug.xcconfig */,
				5BCF5818717F7E05F6710F16 /* Pods-All-Pkmn.release.xcconfig */,
			);
			path = Pods;
			sourceTree = "<group>";
		};
		F176636550FC96AE87746CFC /* Frameworks */ = {
			isa = PBXGroup;
			children = (
				DE4607EB0544580219E37D1C /* Pods_All_Pkmn.framework */,
			);
			name = Frameworks;
			sourceTree = "<group>";
		};
/* End PBXGroup section */

/* Begin PBXNativeTarget section */
		028CD80E22C152D7005CDB3E /* Pkmn */ = {
			isa = PBXNativeTarget;
			buildConfigurationList = 028CD83722C152DA005CDB3E /* Build configuration list for PBXNativeTarget "Pkmn" */;
			buildPhases = (
				83EB1F7992457544CE2E85A1 /* [CP] Check Pods Manifest.lock */,
				028CD80B22C152D7005CDB3E /* Sources */,
				028CD80C22C152D7005CDB3E /* Frameworks */,
				028CD80D22C152D7005CDB3E /* Resources */,
				8007FC17C71A7773BC3164A6 /* [CP] Embed Pods Frameworks */,
			);
			buildRules = (
			);
			dependencies = (
			);
			name = Pkmn;
			productName = Pkmn;
			productReference = 028CD80F22C152D7005CDB3E /* Pkmn.app */;
			productType = "com.apple.product-type.application";
		};
		028CD82222C152DA005CDB3E /* PkmnTests */ = {
			isa = PBXNativeTarget;
			buildConfigurationList = 028CD83A22C152DA005CDB3E /* Build configuration list for PBXNativeTarget "PkmnTests" */;
			buildPhases = (
				028CD81F22C152DA005CDB3E /* Sources */,
				028CD82022C152DA005CDB3E /* Frameworks */,
				028CD82122C152DA005CDB3E /* Resources */,
			);
			buildRules = (
			);
			dependencies = (
				028CD82522C152DA005CDB3E /* PBXTargetDependency */,
			);
			name = PkmnTests;
			productName = PkmnTests;
			productReference = 028CD82322C152DA005CDB3E /* PkmnTests.xctest */;
			productType = "com.apple.product-type.bundle.unit-test";
		};
		028CD82D22C152DA005CDB3E /* PkmnUITests */ = {
			isa = PBXNativeTarget;
			buildConfigurationList = 028CD83D22C152DA005CDB3E /* Build configuration list for PBXNativeTarget "PkmnUITests" */;
			buildPhases = (
				028CD82A22C152DA005CDB3E /* Sources */,
				028CD82B22C152DA005CDB3E /* Frameworks */,
				028CD82C22C152DA005CDB3E /* Resources */,
			);
			buildRules = (
			);
			dependencies = (
				028CD83022C152DA005CDB3E /* PBXTargetDependency */,
			);
			name = PkmnUITests;
			productName = PkmnUITests;
			productReference = 028CD82E22C152DA005CDB3E /* PkmnUITests.xctest */;
			productType = "com.apple.product-type.bundle.ui-testing";
		};
/* End PBXNativeTarget section */

/* Begin PBXProject section */
		028CD80722C152D7005CDB3E /* Project object */ = {
			isa = PBXProject;
			attributes = {
				LastSwiftUpdateCheck = 1020;
				LastUpgradeCheck = 1020;
				ORGANIZATIONNAME = IATGOF;
				TargetAttributes = {
					028CD80E22C152D7005CDB3E = {
						CreatedOnToolsVersion = 10.2.1;
					};
					028CD82222C152DA005CDB3E = {
						CreatedOnToolsVersion = 10.2.1;
						TestTargetID = 028CD80E22C152D7005CDB3E;
					};
					028CD82D22C152DA005CDB3E = {
						CreatedOnToolsVersion = 10.2.1;
						TestTargetID = 028CD80E22C152D7005CDB3E;
					};
				};
			};
			buildConfigurationList = 028CD80A22C152D7005CDB3E /* Build configuration list for PBXProject "Pkmn" */;
			compatibilityVersion = "Xcode 9.3";
			developmentRegion = en;
			hasScannedForEncodings = 0;
			knownRegions = (
				en,
				Base,
			);
			mainGroup = 028CD80622C152D7005CDB3E;
			productRefGroup = 028CD81022C152D7005CDB3E /* Products */;
			projectDirPath = "";
			projectRoot = "";
			targets = (
				028CD80E22C152D7005CDB3E /* Pkmn */,
				028CD82222C152DA005CDB3E /* PkmnTests */,
				028CD82D22C152DA005CDB3E /* PkmnUITests */,
			);
		};
/* End PBXProject section */

/* Begin PBXResourcesBuildPhase section */
		028CD80D22C152D7005CDB3E /* Resources */ = {
			isa = PBXResourcesBuildPhase;
			buildActionMask = 2147483647;
			files = (
				028CD87122C41406005CDB3E /* PokemonTypeEfficacyCheckerViewController.storyboard in Resources */,
				028CD85422C157AD005CDB3E /* db.sqlite3 in Resources */,
				028CD84B22C15363005CDB3E /* Assets.xcassets in Resources */,
				028CD85222C1556B005CDB3E /* README.md in Resources */,
				028CD84C22C15363005CDB3E /* LaunchScreen.storyboard in Resources */,
			);
			runOnlyForDeploymentPostprocessing = 0;
		};
		028CD82122C152DA005CDB3E /* Resources */ = {
			isa = PBXResourcesBuildPhase;
			buildActionMask = 2147483647;
			files = (
			);
			runOnlyForDeploymentPostprocessing = 0;
		};
		028CD82C22C152DA005CDB3E /* Resources */ = {
			isa = PBXResourcesBuildPhase;
			buildActionMask = 2147483647;
			files = (
			);
			runOnlyForDeploymentPostprocessing = 0;
		};
/* End PBXResourcesBuildPhase section */

/* Begin PBXShellScriptBuildPhase section */
		8007FC17C71A7773BC3164A6 /* [CP] Embed Pods Frameworks */ = {
			isa = PBXShellScriptBuildPhase;
			buildActionMask = 2147483647;
			files = (
			);
			inputFileListPaths = (
				"${PODS_ROOT}/Target Support Files/Pods-All-Pkmn/Pods-All-Pkmn-frameworks-${CONFIGURATION}-input-files.xcfilelist",
			);
			name = "[CP] Embed Pods Frameworks";
			outputFileListPaths = (
				"${PODS_ROOT}/Target Support Files/Pods-All-Pkmn/Pods-All-Pkmn-frameworks-${CONFIGURATION}-output-files.xcfilelist",
			);
			runOnlyForDeploymentPostprocessing = 0;
			shellPath = /bin/sh;
			shellScript = "\"${PODS_ROOT}/Target Support Files/Pods-All-Pkmn/Pods-All-Pkmn-frameworks.sh\"\n";
			showEnvVarsInLog = 0;
		};
		83EB1F7992457544CE2E85A1 /* [CP] Check Pods Manifest.lock */ = {
			isa = PBXShellScriptBuildPhase;
			buildActionMask = 2147483647;
			files = (
			);
			inputFileListPaths = (
			);
			inputPaths = (
				"${PODS_PODFILE_DIR_PATH}/Podfile.lock",
				"${PODS_ROOT}/Manifest.lock",
			);
			name = "[CP] Check Pods Manifest.lock";
			outputFileListPaths = (
			);
			outputPaths = (
				"$(DERIVED_FILE_DIR)/Pods-All-Pkmn-checkManifestLockResult.txt",
			);
			runOnlyForDeploymentPostprocessing = 0;
			shellPath = /bin/sh;
			shellScript = "diff \"${PODS_PODFILE_DIR_PATH}/Podfile.lock\" \"${PODS_ROOT}/Manifest.lock\" > /dev/null\nif [ $? != 0 ] ; then\n    # print error to STDERR\n    echo \"error: The sandbox is not in sync with the Podfile.lock. Run 'pod install' or update your CocoaPods installation.\" >&2\n    exit 1\nfi\n# This output is used by Xcode 'outputs' to avoid re-running this script phase.\necho \"SUCCESS\" > \"${SCRIPT_OUTPUT_FILE_0}\"\n";
			showEnvVarsInLog = 0;
		};
/* End PBXShellScriptBuildPhase section */

/* Begin PBXSourcesBuildPhase section */
		028CD80B22C152D7005CDB3E /* Sources */ = {
			isa = PBXSourcesBuildPhase;
			buildActionMask = 2147483647;
			files = (
				02235C0B22D272C300F80AC6 /* PokemonLocalization.swift in Sources */,
				02235C0122CD1FCB00F80AC6 /* PokemonTypeCheckerEfficacyCategoryViewModel.swift in Sources */,
				028CD85D22C2ADF5005CDB3E /* PokemonType.swift in Sources */,
				025503BF22C6A2FB003D2149 /* UIColor+Custom.swift in Sources */,
				028CD87422C41D6B005CDB3E /* UIView+Autolayout.swift in Sources */,
				028CD85022C15363005CDB3E /* AppDelegate.swift in Sources */,
				025503C322C6A44E003D2149 /* Collection+SafeSubscript.swift in Sources */,
				02235C0722D2710B00F80AC6 /* DatabaseWrapper.swift in Sources */,
				028CD86822C409DE005CDB3E /* PokemonTypeCheckerViewModel.swift in Sources */,
				02235C0922D271E500F80AC6 /* Language.swift in Sources */,
				0218413B22C7C015007E5336 /* PokemonTypeEfficacyCollectionViewCell.swift in Sources */,
				028CD86122C2B844005CDB3E /* DataProvider.swift in Sources */,
				028CD85722C15A22005CDB3E /* Database.swift in Sources */,
				028CD86322C40824005CDB3E /* PokemonTypeEfficacyCheckerViewController.swift in Sources */,
				02235C0522D26F5100F80AC6 /* LocalizationData.swift in Sources */,
				0218413D22C7C064007E5336 /* PokemonTypeEfficacyCollectionReusableView.swift in Sources */,
				025503C122C6A374003D2149 /* PokemonTypeSelectionButton.swift in Sources */,
				02235C0E22D275B400F80AC6 /* LocalizationUtils.swift in Sources */,
				0218413822C7B16D007E5336 /* PokemonTypeCheckerScenarioButton.swift in Sources */,
			);
			runOnlyForDeploymentPostprocessing = 0;
		};
		028CD81F22C152DA005CDB3E /* Sources */ = {
			isa = PBXSourcesBuildPhase;
			buildActionMask = 2147483647;
			files = (
				028CD85922C15E28005CDB3E /* DatabaseTests.swift in Sources */,
			);
			runOnlyForDeploymentPostprocessing = 0;
		};
		028CD82A22C152DA005CDB3E /* Sources */ = {
			isa = PBXSourcesBuildPhase;
			buildActionMask = 2147483647;
			files = (
				028CD83322C152DA005CDB3E /* PkmnUITests.swift in Sources */,
			);
			runOnlyForDeploymentPostprocessing = 0;
		};
/* End PBXSourcesBuildPhase section */

/* Begin PBXTargetDependency section */
		028CD82522C152DA005CDB3E /* PBXTargetDependency */ = {
			isa = PBXTargetDependency;
			target = 028CD80E22C152D7005CDB3E /* Pkmn */;
			targetProxy = 028CD82422C152DA005CDB3E /* PBXContainerItemProxy */;
		};
		028CD83022C152DA005CDB3E /* PBXTargetDependency */ = {
			isa = PBXTargetDependency;
			target = 028CD80E22C152D7005CDB3E /* Pkmn */;
			targetProxy = 028CD82F22C152DA005CDB3E /* PBXContainerItemProxy */;
		};
/* End PBXTargetDependency section */

/* Begin PBXVariantGroup section */
		028CD84222C15362005CDB3E /* LaunchScreen.storyboard */ = {
			isa = PBXVariantGroup;
			children = (
				028CD84322C15362005CDB3E /* Base */,
			);
			name = LaunchScreen.storyboard;
			sourceTree = "<group>";
		};
/* End PBXVariantGroup section */

/* Begin XCBuildConfiguration section */
		028CD83522C152DA005CDB3E /* Debug */ = {
			isa = XCBuildConfiguration;
			buildSettings = {
				ALWAYS_SEARCH_USER_PATHS = NO;
				CLANG_ANALYZER_NONNULL = YES;
				CLANG_ANALYZER_NUMBER_OBJECT_CONVERSION = YES_AGGRESSIVE;
				CLANG_CXX_LANGUAGE_STANDARD = "gnu++14";
				CLANG_CXX_LIBRARY = "libc++";
				CLANG_ENABLE_MODULES = YES;
				CLANG_ENABLE_OBJC_ARC = YES;
				CLANG_ENABLE_OBJC_WEAK = YES;
				CLANG_WARN_BLOCK_CAPTURE_AUTORELEASING = YES;
				CLANG_WARN_BOOL_CONVERSION = YES;
				CLANG_WARN_COMMA = YES;
				CLANG_WARN_CONSTANT_CONVERSION = YES;
				CLANG_WARN_DEPRECATED_OBJC_IMPLEMENTATIONS = YES;
				CLANG_WARN_DIRECT_OBJC_ISA_USAGE = YES_ERROR;
				CLANG_WARN_DOCUMENTATION_COMMENTS = YES;
				CLANG_WARN_EMPTY_BODY = YES;
				CLANG_WARN_ENUM_CONVERSION = YES;
				CLANG_WARN_INFINITE_RECURSION = YES;
				CLANG_WARN_INT_CONVERSION = YES;
				CLANG_WARN_NON_LITERAL_NULL_CONVERSION = YES;
				CLANG_WARN_OBJC_IMPLICIT_RETAIN_SELF = YES;
				CLANG_WARN_OBJC_LITERAL_CONVERSION = YES;
				CLANG_WARN_OBJC_ROOT_CLASS = YES_ERROR;
				CLANG_WARN_RANGE_LOOP_ANALYSIS = YES;
				CLANG_WARN_STRICT_PROTOTYPES = YES;
				CLANG_WARN_SUSPICIOUS_MOVE = YES;
				CLANG_WARN_UNGUARDED_AVAILABILITY = YES_AGGRESSIVE;
				CLANG_WARN_UNREACHABLE_CODE = YES;
				CLANG_WARN__DUPLICATE_METHOD_MATCH = YES;
				CODE_SIGN_IDENTITY = "iPhone Developer";
				COPY_PHASE_STRIP = NO;
				DEBUG_INFORMATION_FORMAT = dwarf;
				ENABLE_STRICT_OBJC_MSGSEND = YES;
				ENABLE_TESTABILITY = YES;
				GCC_C_LANGUAGE_STANDARD = gnu11;
				GCC_DYNAMIC_NO_PIC = NO;
				GCC_NO_COMMON_BLOCKS = YES;
				GCC_OPTIMIZATION_LEVEL = 0;
				GCC_PREPROCESSOR_DEFINITIONS = (
					"DEBUG=1",
					"$(inherited)",
				);
				GCC_WARN_64_TO_32_BIT_CONVERSION = YES;
				GCC_WARN_ABOUT_RETURN_TYPE = YES_ERROR;
				GCC_WARN_UNDECLARED_SELECTOR = YES;
				GCC_WARN_UNINITIALIZED_AUTOS = YES_AGGRESSIVE;
				GCC_WARN_UNUSED_FUNCTION = YES;
				GCC_WARN_UNUSED_VARIABLE = YES;
				IPHONEOS_DEPLOYMENT_TARGET = 12.2;
				MTL_ENABLE_DEBUG_INFO = INCLUDE_SOURCE;
				MTL_FAST_MATH = YES;
				ONLY_ACTIVE_ARCH = YES;
				SDKROOT = iphoneos;
				SWIFT_ACTIVE_COMPILATION_CONDITIONS = DEBUG;
				SWIFT_OPTIMIZATION_LEVEL = "-Onone";
			};
			name = Debug;
		};
		028CD83622C152DA005CDB3E /* Release */ = {
			isa = XCBuildConfiguration;
			buildSettings = {
				ALWAYS_SEARCH_USER_PATHS = NO;
				CLANG_ANALYZER_NONNULL = YES;
				CLANG_ANALYZER_NUMBER_OBJECT_CONVERSION = YES_AGGRESSIVE;
				CLANG_CXX_LANGUAGE_STANDARD = "gnu++14";
				CLANG_CXX_LIBRARY = "libc++";
				CLANG_ENABLE_MODULES = YES;
				CLANG_ENABLE_OBJC_ARC = YES;
				CLANG_ENABLE_OBJC_WEAK = YES;
				CLANG_WARN_BLOCK_CAPTURE_AUTORELEASING = YES;
				CLANG_WARN_BOOL_CONVERSION = YES;
				CLANG_WARN_COMMA = YES;
				CLANG_WARN_CONSTANT_CONVERSION = YES;
				CLANG_WARN_DEPRECATED_OBJC_IMPLEMENTATIONS = YES;
				CLANG_WARN_DIRECT_OBJC_ISA_USAGE = YES_ERROR;
				CLANG_WARN_DOCUMENTATION_COMMENTS = YES;
				CLANG_WARN_EMPTY_BODY = YES;
				CLANG_WARN_ENUM_CONVERSION = YES;
				CLANG_WARN_INFINITE_RECURSION = YES;
				CLANG_WARN_INT_CONVERSION = YES;
				CLANG_WARN_NON_LITERAL_NULL_CONVERSION = YES;
				CLANG_WARN_OBJC_IMPLICIT_RETAIN_SELF = YES;
				CLANG_WARN_OBJC_LITERAL_CONVERSION = YES;
				CLANG_WARN_OBJC_ROOT_CLASS = YES_ERROR;
				CLANG_WARN_RANGE_LOOP_ANALYSIS = YES;
				CLANG_WARN_STRICT_PROTOTYPES = YES;
				CLANG_WARN_SUSPICIOUS_MOVE = YES;
				CLANG_WARN_UNGUARDED_AVAILABILITY = YES_AGGRESSIVE;
				CLANG_WARN_UNREACHABLE_CODE = YES;
				CLANG_WARN__DUPLICATE_METHOD_MATCH = YES;
				CODE_SIGN_IDENTITY = "iPhone Developer";
				COPY_PHASE_STRIP = NO;
				DEBUG_INFORMATION_FORMAT = "dwarf-with-dsym";
				ENABLE_NS_ASSERTIONS = NO;
				ENABLE_STRICT_OBJC_MSGSEND = YES;
				GCC_C_LANGUAGE_STANDARD = gnu11;
				GCC_NO_COMMON_BLOCKS = YES;
				GCC_WARN_64_TO_32_BIT_CONVERSION = YES;
				GCC_WARN_ABOUT_RETURN_TYPE = YES_ERROR;
				GCC_WARN_UNDECLARED_SELECTOR = YES;
				GCC_WARN_UNINITIALIZED_AUTOS = YES_AGGRESSIVE;
				GCC_WARN_UNUSED_FUNCTION = YES;
				GCC_WARN_UNUSED_VARIABLE = YES;
				IPHONEOS_DEPLOYMENT_TARGET = 12.2;
				MTL_ENABLE_DEBUG_INFO = NO;
				MTL_FAST_MATH = YES;
				SDKROOT = iphoneos;
				SWIFT_COMPILATION_MODE = wholemodule;
				SWIFT_OPTIMIZATION_LEVEL = "-O";
				VALIDATE_PRODUCT = YES;
			};
			name = Release;
		};
		028CD83822C152DA005CDB3E /* Debug */ = {
			isa = XCBuildConfiguration;
			baseConfigurationReference = 84A1C425226C6BC24597EB02 /* Pods-All-Pkmn.debug.xcconfig */;
			buildSettings = {
				ASSETCATALOG_COMPILER_APPICON_NAME = AppIcon;
				CODE_SIGN_STYLE = Automatic;
				DEVELOPMENT_TEAM = U2SEAYEHK7;
				INFOPLIST_FILE = "$(SRCROOT)/Pkmn/Supporting Files/Info.plist";
				IPHONEOS_DEPLOYMENT_TARGET = 9.0;
				LD_RUNPATH_SEARCH_PATHS = (
					"$(inherited)",
					"@executable_path/Frameworks",
				);
				PRODUCT_BUNDLE_IDENTIFIER = com.iatgof.pkmn;
				PRODUCT_NAME = "$(TARGET_NAME)";
				SWIFT_VERSION = 5.0;
				TARGETED_DEVICE_FAMILY = "1,2";
			};
			name = Debug;
		};
		028CD83922C152DA005CDB3E /* Release */ = {
			isa = XCBuildConfiguration;
			baseConfigurationReference = 5BCF5818717F7E05F6710F16 /* Pods-All-Pkmn.release.xcconfig */;
			buildSettings = {
				ASSETCATALOG_COMPILER_APPICON_NAME = AppIcon;
				CODE_SIGN_STYLE = Automatic;
				DEVELOPMENT_TEAM = U2SEAYEHK7;
				INFOPLIST_FILE = "$(SRCROOT)/Pkmn/Supporting Files/Info.plist";
				IPHONEOS_DEPLOYMENT_TARGET = 9.0;
				LD_RUNPATH_SEARCH_PATHS = (
					"$(inherited)",
					"@executable_path/Frameworks",
				);
				PRODUCT_BUNDLE_IDENTIFIER = com.iatgof.pkmn;
				PRODUCT_NAME = "$(TARGET_NAME)";
				SWIFT_VERSION = 5.0;
				TARGETED_DEVICE_FAMILY = "1,2";
			};
			name = Release;
		};
		028CD83B22C152DA005CDB3E /* Debug */ = {
			isa = XCBuildConfiguration;
			buildSettings = {
				ALWAYS_EMBED_SWIFT_STANDARD_LIBRARIES = YES;
				BUNDLE_LOADER = "$(TEST_HOST)";
				CODE_SIGN_STYLE = Automatic;
				DEVELOPMENT_TEAM = U2SEAYEHK7;
				INFOPLIST_FILE = PkmnTests/Info.plist;
				LD_RUNPATH_SEARCH_PATHS = (
					"$(inherited)",
					"@executable_path/Frameworks",
					"@loader_path/Frameworks",
				);
				PRODUCT_BUNDLE_IDENTIFIER = IATGOF.PkmnTests;
				PRODUCT_NAME = "$(TARGET_NAME)";
				SWIFT_VERSION = 5.0;
				TARGETED_DEVICE_FAMILY = "1,2";
				TEST_HOST = "$(BUILT_PRODUCTS_DIR)/Pkmn.app/Pkmn";
			};
			name = Debug;
		};
		028CD83C22C152DA005CDB3E /* Release */ = {
			isa = XCBuildConfiguration;
			buildSettings = {
				ALWAYS_EMBED_SWIFT_STANDARD_LIBRARIES = YES;
				BUNDLE_LOADER = "$(TEST_HOST)";
				CODE_SIGN_STYLE = Automatic;
				DEVELOPMENT_TEAM = U2SEAYEHK7;
				INFOPLIST_FILE = PkmnTests/Info.plist;
				LD_RUNPATH_SEARCH_PATHS = (
					"$(inherited)",
					"@executable_path/Frameworks",
					"@loader_path/Frameworks",
				);
				PRODUCT_BUNDLE_IDENTIFIER = IATGOF.PkmnTests;
				PRODUCT_NAME = "$(TARGET_NAME)";
				SWIFT_VERSION = 5.0;
				TARGETED_DEVICE_FAMILY = "1,2";
				TEST_HOST = "$(BUILT_PRODUCTS_DIR)/Pkmn.app/Pkmn";
			};
			name = Release;
		};
		028CD83E22C152DA005CDB3E /* Debug */ = {
			isa = XCBuildConfiguration;
			buildSettings = {
				ALWAYS_EMBED_SWIFT_STANDARD_LIBRARIES = YES;
				CODE_SIGN_STYLE = Automatic;
				DEVELOPMENT_TEAM = U2SEAYEHK7;
				INFOPLIST_FILE = PkmnUITests/Info.plist;
				LD_RUNPATH_SEARCH_PATHS = (
					"$(inherited)",
					"@executable_path/Frameworks",
					"@loader_path/Frameworks",
				);
				PRODUCT_BUNDLE_IDENTIFIER = IATGOF.PkmnUITests;
				PRODUCT_NAME = "$(TARGET_NAME)";
				SWIFT_VERSION = 5.0;
				TARGETED_DEVICE_FAMILY = "1,2";
				TEST_TARGET_NAME = Pkmn;
			};
			name = Debug;
		};
		028CD83F22C152DA005CDB3E /* Release */ = {
			isa = XCBuildConfiguration;
			buildSettings = {
				ALWAYS_EMBED_SWIFT_STANDARD_LIBRARIES = YES;
				CODE_SIGN_STYLE = Automatic;
				DEVELOPMENT_TEAM = U2SEAYEHK7;
				INFOPLIST_FILE = PkmnUITests/Info.plist;
				LD_RUNPATH_SEARCH_PATHS = (
					"$(inherited)",
					"@executable_path/Frameworks",
					"@loader_path/Frameworks",
				);
				PRODUCT_BUNDLE_IDENTIFIER = IATGOF.PkmnUITests;
				PRODUCT_NAME = "$(TARGET_NAME)";
				SWIFT_VERSION = 5.0;
				TARGETED_DEVICE_FAMILY = "1,2";
				TEST_TARGET_NAME = Pkmn;
			};
			name = Release;
		};
/* End XCBuildConfiguration section */

/* Begin XCConfigurationList section */
		028CD80A22C152D7005CDB3E /* Build configuration list for PBXProject "Pkmn" */ = {
			isa = XCConfigurationList;
			buildConfigurations = (
				028CD83522C152DA005CDB3E /* Debug */,
				028CD83622C152DA005CDB3E /* Release */,
			);
			defaultConfigurationIsVisible = 0;
			defaultConfigurationName = Release;
		};
		028CD83722C152DA005CDB3E /* Build configuration list for PBXNativeTarget "Pkmn" */ = {
			isa = XCConfigurationList;
			buildConfigurations = (
				028CD83822C152DA005CDB3E /* Debug */,
				028CD83922C152DA005CDB3E /* Release */,
			);
			defaultConfigurationIsVisible = 0;
			defaultConfigurationName = Release;
		};
		028CD83A22C152DA005CDB3E /* Build configuration list for PBXNativeTarget "PkmnTests" */ = {
			isa = XCConfigurationList;
			buildConfigurations = (
				028CD83B22C152DA005CDB3E /* Debug */,
				028CD83C22C152DA005CDB3E /* Release */,
			);
			defaultConfigurationIsVisible = 0;
			defaultConfigurationName = Release;
		};
		028CD83D22C152DA005CDB3E /* Build configuration list for PBXNativeTarget "PkmnUITests" */ = {
			isa = XCConfigurationList;
			buildConfigurations = (
				028CD83E22C152DA005CDB3E /* Debug */,
				028CD83F22C152DA005CDB3E /* Release */,
			);
			defaultConfigurationIsVisible = 0;
			defaultConfigurationName = Release;
		};
/* End XCConfigurationList section */
	};
	rootObject = 028CD80722C152D7005CDB3E /* Project object */;
}
